// !$*UTF8*$!
{
	archiveVersion = 1;
	classes = {
	};
	objectVersion = 56;
	objects = {

/* Begin PBXBuildFile section */
		C9CECC822CBF643600F8F357 /* AppDelegate.swift in Sources */ = {isa = PBXBuildFile; fileRef = C9CECC812CBF643600F8F357 /* AppDelegate.swift */; };
		C9CECC842CBF643600F8F357 /* SceneDelegate.swift in Sources */ = {isa = PBXBuildFile; fileRef = C9CECC832CBF643600F8F357 /* SceneDelegate.swift */; };
		C9CECC862CBF643600F8F357 /* ViewController.swift in Sources */ = {isa = PBXBuildFile; fileRef = C9CECC852CBF643600F8F357 /* ViewController.swift */; };
		C9CECC8B2CBF643600F8F357 /* Assets.xcassets in Resources */ = {isa = PBXBuildFile; fileRef = C9CECC8A2CBF643600F8F357 /* Assets.xcassets */; };
		C9CECC8E2CBF643600F8F357 /* Base in Resources */ = {isa = PBXBuildFile; fileRef = C9CECC8D2CBF643600F8F357 /* Base */; };
		C9CECC992CBF643600F8F357 /* FieldwireImageGalleryTests.swift in Sources */ = {isa = PBXBuildFile; fileRef = C9CECC982CBF643600F8F357 /* FieldwireImageGalleryTests.swift */; };
		C9CECCA32CBF643600F8F357 /* FieldwireImageGalleryUITests.swift in Sources */ = {isa = PBXBuildFile; fileRef = C9CECCA22CBF643600F8F357 /* FieldwireImageGalleryUITests.swift */; };
		C9CECCA52CBF643600F8F357 /* FieldwireImageGalleryUITestsLaunchTests.swift in Sources */ = {isa = PBXBuildFile; fileRef = C9CECCA42CBF643600F8F357 /* FieldwireImageGalleryUITestsLaunchTests.swift */; };
/* End PBXBuildFile section */

/* Begin PBXContainerItemProxy section */
		C9CECC952CBF643600F8F357 /* PBXContainerItemProxy */ = {
			isa = PBXContainerItemProxy;
			containerPortal = C9CECC762CBF643500F8F357 /* Project object */;
			proxyType = 1;
			remoteGlobalIDString = C9CECC7D2CBF643500F8F357;
			remoteInfo = FieldwireImageGallery;
		};
		C9CECC9F2CBF643600F8F357 /* PBXContainerItemProxy */ = {
			isa = PBXContainerItemProxy;
			containerPortal = C9CECC762CBF643500F8F357 /* Project object */;
			proxyType = 1;
			remoteGlobalIDString = C9CECC7D2CBF643500F8F357;
			remoteInfo = FieldwireImageGallery;
		};
/* End PBXContainerItemProxy section */

/* Begin PBXFileReference section */
		C9CECC7E2CBF643600F8F357 /* FieldwireImageGallery.app */ = {isa = PBXFileReference; explicitFileType = wrapper.application; includeInIndex = 0; path = FieldwireImageGallery.app; sourceTree = BUILT_PRODUCTS_DIR; };
		C9CECC812CBF643600F8F357 /* AppDelegate.swift */ = {isa = PBXFileReference; lastKnownFileType = sourcecode.swift; path = AppDelegate.swift; sourceTree = "<group>"; };
		C9CECC832CBF643600F8F357 /* SceneDelegate.swift */ = {isa = PBXFileReference; lastKnownFileType = sourcecode.swift; path = SceneDelegate.swift; sourceTree = "<group>"; };
		C9CECC852CBF643600F8F357 /* ViewController.swift */ = {isa = PBXFileReference; lastKnownFileType = sourcecode.swift; path = ViewController.swift; sourceTree = "<group>"; };
		C9CECC8A2CBF643600F8F357 /* Assets.xcassets */ = {isa = PBXFileReference; lastKnownFileType = folder.assetcatalog; path = Assets.xcassets; sourceTree = "<group>"; };
		C9CECC8D2CBF643600F8F357 /* Base */ = {isa = PBXFileReference; lastKnownFileType = file.storyboard; name = Base; path = Base.lproj/LaunchScreen.storyboard; sourceTree = "<group>"; };
		C9CECC8F2CBF643600F8F357 /* Info.plist */ = {isa = PBXFileReference; lastKnownFileType = text.plist.xml; path = Info.plist; sourceTree = "<group>"; };
		C9CECC942CBF643600F8F357 /* FieldwireImageGalleryTests.xctest */ = {isa = PBXFileReference; explicitFileType = wrapper.cfbundle; includeInIndex = 0; path = FieldwireImageGalleryTests.xctest; sourceTree = BUILT_PRODUCTS_DIR; };
		C9CECC982CBF643600F8F357 /* FieldwireImageGalleryTests.swift */ = {isa = PBXFileReference; lastKnownFileType = sourcecode.swift; path = FieldwireImageGalleryTests.swift; sourceTree = "<group>"; };
		C9CECC9E2CBF643600F8F357 /* FieldwireImageGalleryUITests.xctest */ = {isa = PBXFileReference; explicitFileType = wrapper.cfbundle; includeInIndex = 0; path = FieldwireImageGalleryUITests.xctest; sourceTree = BUILT_PRODUCTS_DIR; };
		C9CECCA22CBF643600F8F357 /* FieldwireImageGalleryUITests.swift */ = {isa = PBXFileReference; lastKnownFileType = sourcecode.swift; path = FieldwireImageGalleryUITests.swift; sourceTree = "<group>"; };
		C9CECCA42CBF643600F8F357 /* FieldwireImageGalleryUITestsLaunchTests.swift */ = {isa = PBXFileReference; lastKnownFileType = sourcecode.swift; path = FieldwireImageGalleryUITestsLaunchTests.swift; sourceTree = "<group>"; };
/* End PBXFileReference section */

/* Begin PBXFrameworksBuildPhase section */
		C9CECC7B2CBF643500F8F357 /* Frameworks */ = {
			isa = PBXFrameworksBuildPhase;
			buildActionMask = 2147483647;
			files = (
			);
			runOnlyForDeploymentPostprocessing = 0;
		};
		C9CECC912CBF643600F8F357 /* Frameworks */ = {
			isa = PBXFrameworksBuildPhase;
			buildActionMask = 2147483647;
			files = (
			);
			runOnlyForDeploymentPostprocessing = 0;
		};
		C9CECC9B2CBF643600F8F357 /* Frameworks */ = {
			isa = PBXFrameworksBuildPhase;
			buildActionMask = 2147483647;
			files = (
			);
			runOnlyForDeploymentPostprocessing = 0;
		};
/* End PBXFrameworksBuildPhase section */

/* Begin PBXGroup section */
		C9CECC752CBF643500F8F357 = {
			isa = PBXGroup;
			children = (
				C9CECC802CBF643600F8F357 /* FieldwireImageGallery */,
				C9CECC972CBF643600F8F357 /* FieldwireImageGalleryTests */,
				C9CECCA12CBF643600F8F357 /* FieldwireImageGalleryUITests */,
				C9CECC7F2CBF643600F8F357 /* Products */,
			);
			sourceTree = "<group>";
		};
		C9CECC7F2CBF643600F8F357 /* Products */ = {
			isa = PBXGroup;
			children = (
				C9CECC7E2CBF643600F8F357 /* FieldwireImageGallery.app */,
				C9CECC942CBF643600F8F357 /* FieldwireImageGalleryTests.xctest */,
				C9CECC9E2CBF643600F8F357 /* FieldwireImageGalleryUITests.xctest */,
			);
			name = Products;
			sourceTree = "<group>";
		};
		C9CECC802CBF643600F8F357 /* FieldwireImageGallery */ = {
			isa = PBXGroup;
			children = (
				C9CECC812CBF643600F8F357 /* AppDelegate.swift */,
				C9CECC832CBF643600F8F357 /* SceneDelegate.swift */,
				C9CECC852CBF643600F8F357 /* ViewController.swift */,
				C9CECC8A2CBF643600F8F357 /* Assets.xcassets */,
				C9CECC8C2CBF643600F8F357 /* LaunchScreen.storyboard */,
				C9CECC8F2CBF643600F8F357 /* Info.plist */,
			);
			path = FieldwireImageGallery;
			sourceTree = "<group>";
		};
		C9CECC972CBF643600F8F357 /* FieldwireImageGalleryTests */ = {
			isa = PBXGroup;
			children = (
				C9CECC982CBF643600F8F357 /* FieldwireImageGalleryTests.swift */,
			);
			path = FieldwireImageGalleryTests;
			sourceTree = "<group>";
		};
		C9CECCA12CBF643600F8F357 /* FieldwireImageGalleryUITests */ = {
			isa = PBXGroup;
			children = (
				C9CECCA22CBF643600F8F357 /* FieldwireImageGalleryUITests.swift */,
				C9CECCA42CBF643600F8F357 /* FieldwireImageGalleryUITestsLaunchTests.swift */,
			);
			path = FieldwireImageGalleryUITests;
			sourceTree = "<group>";
		};
/* End PBXGroup section */

/* Begin PBXNativeTarget section */
		C9CECC7D2CBF643500F8F357 /* FieldwireImageGallery */ = {
			isa = PBXNativeTarget;
			buildConfigurationList = C9CECCA82CBF643600F8F357 /* Build configuration list for PBXNativeTarget "FieldwireImageGallery" */;
			buildPhases = (
				C9CECC7A2CBF643500F8F357 /* Sources */,
				C9CECC7B2CBF643500F8F357 /* Frameworks */,
				C9CECC7C2CBF643500F8F357 /* Resources */,
			);
			buildRules = (
			);
			dependencies = (
			);
			name = FieldwireImageGallery;
			productName = FieldwireImageGallery;
			productReference = C9CECC7E2CBF643600F8F357 /* FieldwireImageGallery.app */;
			productType = "com.apple.product-type.application";
		};
		C9CECC932CBF643600F8F357 /* FieldwireImageGalleryTests */ = {
			isa = PBXNativeTarget;
			buildConfigurationList = C9CECCAB2CBF643600F8F357 /* Build configuration list for PBXNativeTarget "FieldwireImageGalleryTests" */;
			buildPhases = (
				C9CECC902CBF643600F8F357 /* Sources */,
				C9CECC912CBF643600F8F357 /* Frameworks */,
				C9CECC922CBF643600F8F357 /* Resources */,
			);
			buildRules = (
			);
			dependencies = (
				C9CECC962CBF643600F8F357 /* PBXTargetDependency */,
			);
			name = FieldwireImageGalleryTests;
			productName = FieldwireImageGalleryTests;
			productReference = C9CECC942CBF643600F8F357 /* FieldwireImageGalleryTests.xctest */;
			productType = "com.apple.product-type.bundle.unit-test";
		};
		C9CECC9D2CBF643600F8F357 /* FieldwireImageGalleryUITests */ = {
			isa = PBXNativeTarget;
			buildConfigurationList = C9CECCAE2CBF643600F8F357 /* Build configuration list for PBXNativeTarget "FieldwireImageGalleryUITests" */;
			buildPhases = (
				C9CECC9A2CBF643600F8F357 /* Sources */,
				C9CECC9B2CBF643600F8F357 /* Frameworks */,
				C9CECC9C2CBF643600F8F357 /* Resources */,
			);
			buildRules = (
			);
			dependencies = (
				C9CECCA02CBF643600F8F357 /* PBXTargetDependency */,
			);
			name = FieldwireImageGalleryUITests;
			productName = FieldwireImageGalleryUITests;
			productReference = C9CECC9E2CBF643600F8F357 /* FieldwireImageGalleryUITests.xctest */;
			productType = "com.apple.product-type.bundle.ui-testing";
		};
/* End PBXNativeTarget section */

/* Begin PBXProject section */
		C9CECC762CBF643500F8F357 /* Project object */ = {
			isa = PBXProject;
			attributes = {
				BuildIndependentTargetsInParallel = 1;
				LastSwiftUpdateCheck = 1530;
				LastUpgradeCheck = 1530;
				TargetAttributes = {
					C9CECC7D2CBF643500F8F357 = {
						CreatedOnToolsVersion = 15.3;
					};
					C9CECC932CBF643600F8F357 = {
						CreatedOnToolsVersion = 15.3;
						TestTargetID = C9CECC7D2CBF643500F8F357;
					};
					C9CECC9D2CBF643600F8F357 = {
						CreatedOnToolsVersion = 15.3;
						TestTargetID = C9CECC7D2CBF643500F8F357;
					};
				};
			};
			buildConfigurationList = C9CECC792CBF643500F8F357 /* Build configuration list for PBXProject "FieldwireImageGallery" */;
			compatibilityVersion = "Xcode 14.0";
			developmentRegion = en;
			hasScannedForEncodings = 0;
			knownRegions = (
				en,
				Base,
			);
			mainGroup = C9CECC752CBF643500F8F357;
			productRefGroup = C9CECC7F2CBF643600F8F357 /* Products */;
			projectDirPath = "";
			projectRoot = "";
			targets = (
				C9CECC7D2CBF643500F8F357 /* FieldwireImageGallery */,
				C9CECC932CBF643600F8F357 /* FieldwireImageGalleryTests */,
				C9CECC9D2CBF643600F8F357 /* FieldwireImageGalleryUITests */,
			);
		};
/* End PBXProject section */

/* Begin PBXResourcesBuildPhase section */
		C9CECC7C2CBF643500F8F357 /* Resources */ = {
			isa = PBXResourcesBuildPhase;
			buildActionMask = 2147483647;
			files = (
				C9CECC8B2CBF643600F8F357 /* Assets.xcassets in Resources */,
				C9CECC8E2CBF643600F8F357 /* Base in Resources */,
			);
			runOnlyForDeploymentPostprocessing = 0;
		};
		C9CECC922CBF643600F8F357 /* Resources */ = {
			isa = PBXResourcesBuildPhase;
			buildActionMask = 2147483647;
			files = (
			);
			runOnlyForDeploymentPostprocessing = 0;
		};
		C9CECC9C2CBF643600F8F357 /* Resources */ = {
			isa = PBXResourcesBuildPhase;
			buildActionMask = 2147483647;
			files = (
			);
			runOnlyForDeploymentPostprocessing = 0;
		};
/* End PBXResourcesBuildPhase section */

/* Begin PBXSourcesBuildPhase section */
		C9CECC7A2CBF643500F8F357 /* Sources */ = {
			isa = PBXSourcesBuildPhase;
			buildActionMask = 2147483647;
			files = (
				C9CECC862CBF643600F8F357 /* ViewController.swift in Sources */,
				C9CECC822CBF643600F8F357 /* AppDelegate.swift in Sources */,
				C9CECC842CBF643600F8F357 /* SceneDelegate.swift in Sources */,
			);
			runOnlyForDeploymentPostprocessing = 0;
		};
		C9CECC902CBF643600F8F357 /* Sources */ = {
			isa = PBXSourcesBuildPhase;
			buildActionMask = 2147483647;
			files = (
				C9CECC992CBF643600F8F357 /* FieldwireImageGalleryTests.swift in Sources */,
			);
			runOnlyForDeploymentPostprocessing = 0;
		};
		C9CECC9A2CBF643600F8F357 /* Sources */ = {
			isa = PBXSourcesBuildPhase;
			buildActionMask = 2147483647;
			files = (
				C9CECCA32CBF643600F8F357 /* FieldwireImageGalleryUITests.swift in Sources */,
				C9CECCA52CBF643600F8F357 /* FieldwireImageGalleryUITestsLaunchTests.swift in Sources */,
			);
			runOnlyForDeploymentPostprocessing = 0;
		};
/* End PBXSourcesBuildPhase section */

/* Begin PBXTargetDependency section */
		C9CECC962CBF643600F8F357 /* PBXTargetDependency */ = {
			isa = PBXTargetDependency;
			target = C9CECC7D2CBF643500F8F357 /* FieldwireImageGallery */;
			targetProxy = C9CECC952CBF643600F8F357 /* PBXContainerItemProxy */;
		};
		C9CECCA02CBF643600F8F357 /* PBXTargetDependency */ = {
			isa = PBXTargetDependency;
			target = C9CECC7D2CBF643500F8F357 /* FieldwireImageGallery */;
			targetProxy = C9CECC9F2CBF643600F8F357 /* PBXContainerItemProxy */;
		};
/* End PBXTargetDependency section */

/* Begin PBXVariantGroup section */
		C9CECC8C2CBF643600F8F357 /* LaunchScreen.storyboard */ = {
			isa = PBXVariantGroup;
			children = (
				C9CECC8D2CBF643600F8F357 /* Base */,
			);
			name = LaunchScreen.storyboard;
			sourceTree = "<group>";
		};
/* End PBXVariantGroup section */

/* Begin XCBuildConfiguration section */
		C9CECCA62CBF643600F8F357 /* Debug */ = {
			isa = XCBuildConfiguration;
			buildSettings = {
				ALWAYS_SEARCH_USER_PATHS = NO;
				ASSETCATALOG_COMPILER_GENERATE_SWIFT_ASSET_SYMBOL_EXTENSIONS = YES;
				CLANG_ANALYZER_NONNULL = YES;
				CLANG_ANALYZER_NUMBER_OBJECT_CONVERSION = YES_AGGRESSIVE;
				CLANG_CXX_LANGUAGE_STANDARD = "gnu++20";
				CLANG_ENABLE_MODULES = YES;
				CLANG_ENABLE_OBJC_ARC = YES;
				CLANG_ENABLE_OBJC_WEAK = YES;
				CLANG_WARN_BLOCK_CAPTURE_AUTORELEASING = YES;
				CLANG_WARN_BOOL_CONVERSION = YES;
				CLANG_WARN_COMMA = YES;
				CLANG_WARN_CONSTANT_CONVERSION = YES;
				CLANG_WARN_DEPRECATED_OBJC_IMPLEMENTATIONS = YES;
				CLANG_WARN_DIRECT_OBJC_ISA_USAGE = YES_ERROR;
				CLANG_WARN_DOCUMENTATION_COMMENTS = YES;
				CLANG_WARN_EMPTY_BODY = YES;
				CLANG_WARN_ENUM_CONVERSION = YES;
				CLANG_WARN_INFINITE_RECURSION = YES;
				CLANG_WARN_INT_CONVERSION = YES;
				CLANG_WARN_NON_LITERAL_NULL_CONVERSION = YES;
				CLANG_WARN_OBJC_IMPLICIT_RETAIN_SELF = YES;
				CLANG_WARN_OBJC_LITERAL_CONVERSION = YES;
				CLANG_WARN_OBJC_ROOT_CLASS = YES_ERROR;
				CLANG_WARN_QUOTED_INCLUDE_IN_FRAMEWORK_HEADER = YES;
				CLANG_WARN_RANGE_LOOP_ANALYSIS = YES;
				CLANG_WARN_STRICT_PROTOTYPES = YES;
				CLANG_WARN_SUSPICIOUS_MOVE = YES;
				CLANG_WARN_UNGUARDED_AVAILABILITY = YES_AGGRESSIVE;
				CLANG_WARN_UNREACHABLE_CODE = YES;
				CLANG_WARN__DUPLICATE_METHOD_MATCH = YES;
				COPY_PHASE_STRIP = NO;
				DEBUG_INFORMATION_FORMAT = dwarf;
				ENABLE_STRICT_OBJC_MSGSEND = YES;
				ENABLE_TESTABILITY = YES;
				ENABLE_USER_SCRIPT_SANDBOXING = YES;
				GCC_C_LANGUAGE_STANDARD = gnu17;
				GCC_DYNAMIC_NO_PIC = NO;
				GCC_NO_COMMON_BLOCKS = YES;
				GCC_OPTIMIZATION_LEVEL = 0;
				GCC_PREPROCESSOR_DEFINITIONS = (
					"DEBUG=1",
					"$(inherited)",
				);
				GCC_WARN_64_TO_32_BIT_CONVERSION = YES;
				GCC_WARN_ABOUT_RETURN_TYPE = YES_ERROR;
				GCC_WARN_UNDECLARED_SELECTOR = YES;
				GCC_WARN_UNINITIALIZED_AUTOS = YES_AGGRESSIVE;
				GCC_WARN_UNUSED_FUNCTION = YES;
				GCC_WARN_UNUSED_VARIABLE = YES;
				IPHONEOS_DEPLOYMENT_TARGET = 17.4;
				LOCALIZATION_PREFERS_STRING_CATALOGS = YES;
				MTL_ENABLE_DEBUG_INFO = INCLUDE_SOURCE;
				MTL_FAST_MATH = YES;
				ONLY_ACTIVE_ARCH = YES;
				SDKROOT = iphoneos;
				SWIFT_ACTIVE_COMPILATION_CONDITIONS = "DEBUG $(inherited)";
				SWIFT_OPTIMIZATION_LEVEL = "-Onone";
			};
			name = Debug;
		};
		C9CECCA72CBF643600F8F357 /* Release */ = {
			isa = XCBuildConfiguration;
			buildSettings = {
				ALWAYS_SEARCH_USER_PATHS = NO;
				ASSETCATALOG_COMPILER_GENERATE_SWIFT_ASSET_SYMBOL_EXTENSIONS = YES;
				CLANG_ANALYZER_NONNULL = YES;
				CLANG_ANALYZER_NUMBER_OBJECT_CONVERSION = YES_AGGRESSIVE;
				CLANG_CXX_LANGUAGE_STANDARD = "gnu++20";
				CLANG_ENABLE_MODULES = YES;
				CLANG_ENABLE_OBJC_ARC = YES;
				CLANG_ENABLE_OBJC_WEAK = YES;
				CLANG_WARN_BLOCK_CAPTURE_AUTORELEASING = YES;
				CLANG_WARN_BOOL_CONVERSION = YES;
				CLANG_WARN_COMMA = YES;
				CLANG_WARN_CONSTANT_CONVERSION = YES;
				CLANG_WARN_DEPRECATED_OBJC_IMPLEMENTATIONS = YES;
				CLANG_WARN_DIRECT_OBJC_ISA_USAGE = YES_ERROR;
				CLANG_WARN_DOCUMENTATION_COMMENTS = YES;
				CLANG_WARN_EMPTY_BODY = YES;
				CLANG_WARN_ENUM_CONVERSION = YES;
				CLANG_WARN_INFINITE_RECURSION = YES;
				CLANG_WARN_INT_CONVERSION = YES;
				CLANG_WARN_NON_LITERAL_NULL_CONVERSION = YES;
				CLANG_WARN_OBJC_IMPLICIT_RETAIN_SELF = YES;
				CLANG_WARN_OBJC_LITERAL_CONVERSION = YES;
				CLANG_WARN_OBJC_ROOT_CLASS = YES_ERROR;
				CLANG_WARN_QUOTED_INCLUDE_IN_FRAMEWORK_HEADER = YES;
				CLANG_WARN_RANGE_LOOP_ANALYSIS = YES;
				CLANG_WARN_STRICT_PROTOTYPES = YES;
				CLANG_WARN_SUSPICIOUS_MOVE = YES;
				CLANG_WARN_UNGUARDED_AVAILABILITY = YES_AGGRESSIVE;
				CLANG_WARN_UNREACHABLE_CODE = YES;
				CLANG_WARN__DUPLICATE_METHOD_MATCH = YES;
				COPY_PHASE_STRIP = NO;
				DEBUG_INFORMATION_FORMAT = "dwarf-with-dsym";
				ENABLE_NS_ASSERTIONS = NO;
				ENABLE_STRICT_OBJC_MSGSEND = YES;
				ENABLE_USER_SCRIPT_SANDBOXING = YES;
				GCC_C_LANGUAGE_STANDARD = gnu17;
				GCC_NO_COMMON_BLOCKS = YES;
				GCC_WARN_64_TO_32_BIT_CONVERSION = YES;
				GCC_WARN_ABOUT_RETURN_TYPE = YES_ERROR;
				GCC_WARN_UNDECLARED_SELECTOR = YES;
				GCC_WARN_UNINITIALIZED_AUTOS = YES_AGGRESSIVE;
				GCC_WARN_UNUSED_FUNCTION = YES;
				GCC_WARN_UNUSED_VARIABLE = YES;
				IPHONEOS_DEPLOYMENT_TARGET = 17.4;
				LOCALIZATION_PREFERS_STRING_CATALOGS = YES;
				MTL_ENABLE_DEBUG_INFO = NO;
				MTL_FAST_MATH = YES;
				SDKROOT = iphoneos;
				SWIFT_COMPILATION_MODE = wholemodule;
				VALIDATE_PRODUCT = YES;
			};
			name = Release;
		};
		C9CECCA92CBF643600F8F357 /* Debug */ = {
			isa = XCBuildConfiguration;
			buildSettings = {
				ASSETCATALOG_COMPILER_APPICON_NAME = AppIcon;
				ASSETCATALOG_COMPILER_GLOBAL_ACCENT_COLOR_NAME = AccentColor;
				CODE_SIGN_STYLE = Automatic;
				CURRENT_PROJECT_VERSION = 1;
				DEVELOPMENT_TEAM = ND3DY3ZP2D;
				GENERATE_INFOPLIST_FILE = YES;
				INFOPLIST_FILE = FieldwireImageGallery/Info.plist;
				INFOPLIST_KEY_UIApplicationSupportsIndirectInputEvents = YES;
				INFOPLIST_KEY_UILaunchStoryboardName = LaunchScreen;
				INFOPLIST_KEY_UISupportedInterfaceOrientations_iPad = "UIInterfaceOrientationPortrait UIInterfaceOrientationPortraitUpsideDown UIInterfaceOrientationLandscapeLeft UIInterfaceOrientationLandscapeRight";
				INFOPLIST_KEY_UISupportedInterfaceOrientations_iPhone = "UIInterfaceOrientationPortrait UIInterfaceOrientationLandscapeLeft UIInterfaceOrientationLandscapeRight";
				LD_RUNPATH_SEARCH_PATHS = (
					"$(inherited)",
					"@executable_path/Frameworks",
				);
				MARKETING_VERSION = 1.0;
				PRODUCT_BUNDLE_IDENTIFIER = Kprow.FieldwireImageGallery;
				PRODUCT_NAME = "$(TARGET_NAME)";
				SWIFT_EMIT_LOC_STRINGS = YES;
				SWIFT_VERSION = 5.0;
				TARGETED_DEVICE_FAMILY = "1,2";
			};
			name = Debug;
		};
		C9CECCAA2CBF643600F8F357 /* Release */ = {
			isa = XCBuildConfiguration;
			buildSettings = {
				ASSETCATALOG_COMPILER_APPICON_NAME = AppIcon;
				ASSETCATALOG_COMPILER_GLOBAL_ACCENT_COLOR_NAME = AccentColor;
				CODE_SIGN_STYLE = Automatic;
				CURRENT_PROJECT_VERSION = 1;
				DEVELOPMENT_TEAM = ND3DY3ZP2D;
				GENERATE_INFOPLIST_FILE = YES;
				INFOPLIST_FILE = FieldwireImageGallery/Info.plist;
				INFOPLIST_KEY_UIApplicationSupportsIndirectInputEvents = YES;
				INFOPLIST_KEY_UILaunchStoryboardName = LaunchScreen;
				INFOPLIST_KEY_UISupportedInterfaceOrientations_iPad = "UIInterfaceOrientationPortrait UIInterfaceOrientationPortraitUpsideDown UIInterfaceOrientationLandscapeLeft UIInterfaceOrientationLandscapeRight";
				INFOPLIST_KEY_UISupportedInterfaceOrientations_iPhone = "UIInterfaceOrientationPortrait UIInterfaceOrientationLandscapeLeft UIInterfaceOrientationLandscapeRight";
				LD_RUNPATH_SEARCH_PATHS = (
					"$(inherited)",
					"@executable_path/Frameworks",
				);
				MARKETING_VERSION = 1.0;
				PRODUCT_BUNDLE_IDENTIFIER = Kprow.FieldwireImageGallery;
				PRODUCT_NAME = "$(TARGET_NAME)";
				SWIFT_EMIT_LOC_STRINGS = YES;
				SWIFT_VERSION = 5.0;
				TARGETED_DEVICE_FAMILY = "1,2";
			};
			name = Release;
		};
		C9CECCAC2CBF643600F8F357 /* Debug */ = {
			isa = XCBuildConfiguration;
			buildSettings = {
				ALWAYS_EMBED_SWIFT_STANDARD_LIBRARIES = YES;
				BUNDLE_LOADER = "$(TEST_HOST)";
				CODE_SIGN_STYLE = Automatic;
				CURRENT_PROJECT_VERSION = 1;
				DEVELOPMENT_TEAM = ND3DY3ZP2D;
				GENERATE_INFOPLIST_FILE = YES;
				IPHONEOS_DEPLOYMENT_TARGET = 17.4;
				MARKETING_VERSION = 1.0;
				PRODUCT_BUNDLE_IDENTIFIER = Kprow.FieldwireImageGalleryTests;
				PRODUCT_NAME = "$(TARGET_NAME)";
				SWIFT_EMIT_LOC_STRINGS = NO;
				SWIFT_VERSION = 5.0;
				TARGETED_DEVICE_FAMILY = "1,2";
				TEST_HOST = "$(BUILT_PRODUCTS_DIR)/FieldwireImageGallery.app/$(BUNDLE_EXECUTABLE_FOLDER_PATH)/FieldwireImageGallery";
			};
			name = Debug;
		};
		C9CECCAD2CBF643600F8F357 /* Release */ = {
			isa = XCBuildConfiguration;
			buildSettings = {
				ALWAYS_EMBED_SWIFT_STANDARD_LIBRARIES = YES;
				BUNDLE_LOADER = "$(TEST_HOST)";
				CODE_SIGN_STYLE = Automatic;
				CURRENT_PROJECT_VERSION = 1;
				DEVELOPMENT_TEAM = ND3DY3ZP2D;
				GENERATE_INFOPLIST_FILE = YES;
				IPHONEOS_DEPLOYMENT_TARGET = 17.4;
				MARKETING_VERSION = 1.0;
				PRODUCT_BUNDLE_IDENTIFIER = Kprow.FieldwireImageGalleryTests;
				PRODUCT_NAME = "$(TARGET_NAME)";
				SWIFT_EMIT_LOC_STRINGS = NO;
				SWIFT_VERSION = 5.0;
				TARGETED_DEVICE_FAMILY = "1,2";
				TEST_HOST = "$(BUILT_PRODUCTS_DIR)/FieldwireImageGallery.app/$(BUNDLE_EXECUTABLE_FOLDER_PATH)/FieldwireImageGallery";
			};
			name = Release;
		};
		C9CECCAF2CBF643600F8F357 /* Debug */ = {
			isa = XCBuildConfiguration;
			buildSettings = {
				ALWAYS_EMBED_SWIFT_STANDARD_LIBRARIES = YES;
				CODE_SIGN_STYLE = Automatic;
				CURRENT_PROJECT_VERSION = 1;
				DEVELOPMENT_TEAM = ND3DY3ZP2D;
				GENERATE_INFOPLIST_FILE = YES;
				MARKETING_VERSION = 1.0;
				PRODUCT_BUNDLE_IDENTIFIER = Kprow.FieldwireImageGalleryUITests;
				PRODUCT_NAME = "$(TARGET_NAME)";
				SWIFT_EMIT_LOC_STRINGS = NO;
				SWIFT_VERSION = 5.0;
				TARGETED_DEVICE_FAMILY = "1,2";
				TEST_TARGET_NAME = FieldwireImageGallery;
			};
			name = Debug;
		};
		C9CECCB02CBF643600F8F357 /* Release */ = {
			isa = XCBuildConfiguration;
			buildSettings = {
				ALWAYS_EMBED_SWIFT_STANDARD_LIBRARIES = YES;
				CODE_SIGN_STYLE = Automatic;
				CURRENT_PROJECT_VERSION = 1;
				DEVELOPMENT_TEAM = ND3DY3ZP2D;
				GENERATE_INFOPLIST_FILE = YES;
				MARKETING_VERSION = 1.0;
				PRODUCT_BUNDLE_IDENTIFIER = Kprow.FieldwireImageGalleryUITests;
				PRODUCT_NAME = "$(TARGET_NAME)";
				SWIFT_EMIT_LOC_STRINGS = NO;
				SWIFT_VERSION = 5.0;
				TARGETED_DEVICE_FAMILY = "1,2";
				TEST_TARGET_NAME = FieldwireImageGallery;
			};
			name = Release;
		};
/* End XCBuildConfiguration section */

/* Begin XCConfigurationList section */
		C9CECC792CBF643500F8F357 /* Build configuration list for PBXProject "FieldwireImageGallery" */ = {
			isa = XCConfigurationList;
			buildConfigurations = (
				C9CECCA62CBF643600F8F357 /* Debug */,
				C9CECCA72CBF643600F8F357 /* Release */,
			);
			defaultConfigurationIsVisible = 0;
			defaultConfigurationName = Release;
		};
		C9CECCA82CBF643600F8F357 /* Build configuration list for PBXNativeTarget "FieldwireImageGallery" */ = {
			isa = XCConfigurationList;
			buildConfigurations = (
				C9CECCA92CBF643600F8F357 /* Debug */,
				C9CECCAA2CBF643600F8F357 /* Release */,
			);
			defaultConfigurationIsVisible = 0;
			defaultConfigurationName = Release;
		};
		C9CECCAB2CBF643600F8F357 /* Build configuration list for PBXNativeTarget "FieldwireImageGalleryTests" */ = {
			isa = XCConfigurationList;
			buildConfigurations = (
				C9CECCAC2CBF643600F8F357 /* Debug */,
				C9CECCAD2CBF643600F8F357 /* Release */,
			);
			defaultConfigurationIsVisible = 0;
			defaultConfigurationName = Release;
		};
		C9CECCAE2CBF643600F8F357 /* Build configuration list for PBXNativeTarget "FieldwireImageGalleryUITests" */ = {
			isa = XCConfigurationList;
			buildConfigurations = (
				C9CECCAF2CBF643600F8F357 /* Debug */,
				C9CECCB02CBF643600F8F357 /* Release */,
			);
			defaultConfigurationIsVisible = 0;
			defaultConfigurationName = Release;
		};
/* End XCConfigurationList section */
	};
	rootObject = C9CECC762CBF643500F8F357 /* Project object */;
}
